// !$*UTF8*$!
{
	archiveVersion = 1;
	classes = {
	};
	objectVersion = 55;
	objects = {

/* Begin PBXBuildFile section */
		2369549FEBAFC02165AE9266 /* Pods_Messenger.framework in Frameworks */ = {isa = PBXBuildFile; fileRef = 3041F1D28432287AE04E0CFD /* Pods_Messenger.framework */; };
		9616815A2787E9C0003BB77E /* DatabaseManager.swift in Sources */ = {isa = PBXBuildFile; fileRef = 961681592787E9C0003BB77E /* DatabaseManager.swift */; };
		9616815E2787EF8C003BB77E /* GoogleService-Info.plist in Resources */ = {isa = PBXBuildFile; fileRef = 9616815D2787EF8C003BB77E /* GoogleService-Info.plist */; };
		96B0C9C8278BD48200902A16 /* ChatViewController.swift in Sources */ = {isa = PBXBuildFile; fileRef = 96B0C9C7278BD48200902A16 /* ChatViewController.swift */; };
		96B0C9CA278BE22B00902A16 /* StorageManager.swift in Sources */ = {isa = PBXBuildFile; fileRef = 96B0C9C9278BE22B00902A16 /* StorageManager.swift */; };
		96C7C97E27868C4200D39C6D /* AppDelegate.swift in Sources */ = {isa = PBXBuildFile; fileRef = 96C7C97D27868C4200D39C6D /* AppDelegate.swift */; };
		96C7C98027868C4200D39C6D /* SceneDelegate.swift in Sources */ = {isa = PBXBuildFile; fileRef = 96C7C97F27868C4200D39C6D /* SceneDelegate.swift */; };
		96C7C98227868C4200D39C6D /* ConversationsViewController.swift in Sources */ = {isa = PBXBuildFile; fileRef = 96C7C98127868C4200D39C6D /* ConversationsViewController.swift */; };
		96C7C98527868C4200D39C6D /* Main.storyboard in Resources */ = {isa = PBXBuildFile; fileRef = 96C7C98327868C4200D39C6D /* Main.storyboard */; };
		96C7C98727868C4500D39C6D /* Assets.xcassets in Resources */ = {isa = PBXBuildFile; fileRef = 96C7C98627868C4500D39C6D /* Assets.xcassets */; };
		96C7C99827868E6300D39C6D /* LoginViewController.swift in Sources */ = {isa = PBXBuildFile; fileRef = 96C7C99727868E6300D39C6D /* LoginViewController.swift */; };
		96C7C99A27868E7200D39C6D /* RegisterViewController.swift in Sources */ = {isa = PBXBuildFile; fileRef = 96C7C99927868E7200D39C6D /* RegisterViewController.swift */; };
		96C7C99C27868E8E00D39C6D /* PhotoViewerViewController.swift in Sources */ = {isa = PBXBuildFile; fileRef = 96C7C99B27868E8E00D39C6D /* PhotoViewerViewController.swift */; };
		96C7C99E27868E9800D39C6D /* VideoPlayerViewController.swift in Sources */ = {isa = PBXBuildFile; fileRef = 96C7C99D27868E9800D39C6D /* VideoPlayerViewController.swift */; };
		96C7C9A027868EB800D39C6D /* NewConversationViewController.swift in Sources */ = {isa = PBXBuildFile; fileRef = 96C7C99F27868EB800D39C6D /* NewConversationViewController.swift */; };
		96C7C9A227868EC200D39C6D /* ProfileViewController.swift in Sources */ = {isa = PBXBuildFile; fileRef = 96C7C9A127868EC200D39C6D /* ProfileViewController.swift */; };
		96C7C9A52786971600D39C6D /* Extensions.swift in Sources */ = {isa = PBXBuildFile; fileRef = 96C7C9A42786971600D39C6D /* Extensions.swift */; };
		96C7C9AA2786C50C00D39C6D /* Launch Screen.storyboard in Resources */ = {isa = PBXBuildFile; fileRef = 96C7C9A92786C50C00D39C6D /* Launch Screen.storyboard */; };
/* End PBXBuildFile section */

/* Begin PBXFileReference section */
		3041F1D28432287AE04E0CFD /* Pods_Messenger.framework */ = {isa = PBXFileReference; explicitFileType = wrapper.framework; includeInIndex = 0; path = Pods_Messenger.framework; sourceTree = BUILT_PRODUCTS_DIR; };
		961681592787E9C0003BB77E /* DatabaseManager.swift */ = {isa = PBXFileReference; lastKnownFileType = sourcecode.swift; path = DatabaseManager.swift; sourceTree = "<group>"; };
		9616815D2787EF8C003BB77E /* GoogleService-Info.plist */ = {isa = PBXFileReference; fileEncoding = 4; lastKnownFileType = text.plist.xml; name = "GoogleService-Info.plist"; path = "../../../../Downloads/GoogleService-Info.plist"; sourceTree = "<group>"; };
		96B0C9C7278BD48200902A16 /* ChatViewController.swift */ = {isa = PBXFileReference; lastKnownFileType = sourcecode.swift; path = ChatViewController.swift; sourceTree = "<group>"; };
		96B0C9C9278BE22B00902A16 /* StorageManager.swift */ = {isa = PBXFileReference; lastKnownFileType = sourcecode.swift; path = StorageManager.swift; sourceTree = "<group>"; };
		96C7C97A27868C4200D39C6D /* Messenger.app */ = {isa = PBXFileReference; explicitFileType = wrapper.application; includeInIndex = 0; path = Messenger.app; sourceTree = BUILT_PRODUCTS_DIR; };
		96C7C97D27868C4200D39C6D /* AppDelegate.swift */ = {isa = PBXFileReference; lastKnownFileType = sourcecode.swift; path = AppDelegate.swift; sourceTree = "<group>"; };
		96C7C97F27868C4200D39C6D /* SceneDelegate.swift */ = {isa = PBXFileReference; lastKnownFileType = sourcecode.swift; path = SceneDelegate.swift; sourceTree = "<group>"; };
		96C7C98127868C4200D39C6D /* ConversationsViewController.swift */ = {isa = PBXFileReference; lastKnownFileType = sourcecode.swift; path = ConversationsViewController.swift; sourceTree = "<group>"; };
		96C7C98427868C4200D39C6D /* Base */ = {isa = PBXFileReference; lastKnownFileType = file.storyboard; name = Base; path = Base.lproj/Main.storyboard; sourceTree = "<group>"; };
		96C7C98627868C4500D39C6D /* Assets.xcassets */ = {isa = PBXFileReference; lastKnownFileType = folder.assetcatalog; path = Assets.xcassets; sourceTree = "<group>"; };
		96C7C98B27868C4500D39C6D /* Info.plist */ = {isa = PBXFileReference; lastKnownFileType = text.plist.xml; path = Info.plist; sourceTree = "<group>"; };
		96C7C99727868E6300D39C6D /* LoginViewController.swift */ = {isa = PBXFileReference; lastKnownFileType = sourcecode.swift; path = LoginViewController.swift; sourceTree = "<group>"; };
		96C7C99927868E7200D39C6D /* RegisterViewController.swift */ = {isa = PBXFileReference; lastKnownFileType = sourcecode.swift; path = RegisterViewController.swift; sourceTree = "<group>"; };
		96C7C99B27868E8E00D39C6D /* PhotoViewerViewController.swift */ = {isa = PBXFileReference; lastKnownFileType = sourcecode.swift; path = PhotoViewerViewController.swift; sourceTree = "<group>"; };
		96C7C99D27868E9800D39C6D /* VideoPlayerViewController.swift */ = {isa = PBXFileReference; lastKnownFileType = sourcecode.swift; path = VideoPlayerViewController.swift; sourceTree = "<group>"; };
		96C7C99F27868EB800D39C6D /* NewConversationViewController.swift */ = {isa = PBXFileReference; lastKnownFileType = sourcecode.swift; path = NewConversationViewController.swift; sourceTree = "<group>"; };
		96C7C9A127868EC200D39C6D /* ProfileViewController.swift */ = {isa = PBXFileReference; lastKnownFileType = sourcecode.swift; path = ProfileViewController.swift; sourceTree = "<group>"; };
		96C7C9A42786971600D39C6D /* Extensions.swift */ = {isa = PBXFileReference; lastKnownFileType = sourcecode.swift; path = Extensions.swift; sourceTree = "<group>"; };
		96C7C9A92786C50C00D39C6D /* Launch Screen.storyboard */ = {isa = PBXFileReference; lastKnownFileType = file.storyboard; path = "Launch Screen.storyboard"; sourceTree = "<group>"; };
		9AADFAD3F54FD92C28BA14C3 /* Pods-Messenger.release.xcconfig */ = {isa = PBXFileReference; includeInIndex = 1; lastKnownFileType = text.xcconfig; name = "Pods-Messenger.release.xcconfig"; path = "Target Support Files/Pods-Messenger/Pods-Messenger.release.xcconfig"; sourceTree = "<group>"; };
		EE0389E62B18192EB180B187 /* Pods-Messenger.debug.xcconfig */ = {isa = PBXFileReference; includeInIndex = 1; lastKnownFileType = text.xcconfig; name = "Pods-Messenger.debug.xcconfig"; path = "Target Support Files/Pods-Messenger/Pods-Messenger.debug.xcconfig"; sourceTree = "<group>"; };
/* End PBXFileReference section */

/* Begin PBXFrameworksBuildPhase section */
		96C7C97727868C4200D39C6D /* Frameworks */ = {
			isa = PBXFrameworksBuildPhase;
			buildActionMask = 2147483647;
			files = (
				2369549FEBAFC02165AE9266 /* Pods_Messenger.framework in Frameworks */,
			);
			runOnlyForDeploymentPostprocessing = 0;
		};
/* End PBXFrameworksBuildPhase section */

/* Begin PBXGroup section */
		0EE0DB4CF96EC0346A14A30E /* Frameworks */ = {
			isa = PBXGroup;
			children = (
				3041F1D28432287AE04E0CFD /* Pods_Messenger.framework */,
			);
			name = Frameworks;
			sourceTree = "<group>";
		};
		6570947D49A87ADA6DA882DB /* Pods */ = {
			isa = PBXGroup;
			children = (
				EE0389E62B18192EB180B187 /* Pods-Messenger.debug.xcconfig */,
				9AADFAD3F54FD92C28BA14C3 /* Pods-Messenger.release.xcconfig */,
			);
			path = Pods;
			sourceTree = "<group>";
		};
		96C7C97127868C4200D39C6D = {
			isa = PBXGroup;
			children = (
				96C7C97C27868C4200D39C6D /* Messenger */,
				96C7C97B27868C4200D39C6D /* Products */,
				6570947D49A87ADA6DA882DB /* Pods */,
				0EE0DB4CF96EC0346A14A30E /* Frameworks */,
			);
			sourceTree = "<group>";
		};
		96C7C97B27868C4200D39C6D /* Products */ = {
			isa = PBXGroup;
			children = (
				96C7C97A27868C4200D39C6D /* Messenger.app */,
			);
			name = Products;
			sourceTree = "<group>";
		};
		96C7C97C27868C4200D39C6D /* Messenger */ = {
			isa = PBXGroup;
			children = (
				9616815D2787EF8C003BB77E /* GoogleService-Info.plist */,
				96C7C99527868CFF00D39C6D /* Resources */,
				96C7C99427868CF800D39C6D /* ViewModels */,
				96C7C99327868CF300D39C6D /* Models */,
				96C7C99227868CED00D39C6D /* Views */,
				96C7C99127868CE600D39C6D /* Controllers */,
				96C7C98B27868C4500D39C6D /* Info.plist */,
			);
			path = Messenger;
			sourceTree = "<group>";
		};
		96C7C99127868CE600D39C6D /* Controllers */ = {
			isa = PBXGroup;
			children = (
				96C7C98127868C4200D39C6D /* ConversationsViewController.swift */,
				96C7C9A3278690ED00D39C6D /* Login */,
				96C7C99B27868E8E00D39C6D /* PhotoViewerViewController.swift */,
				96C7C99D27868E9800D39C6D /* VideoPlayerViewController.swift */,
				96C7C99F27868EB800D39C6D /* NewConversationViewController.swift */,
				96C7C9A127868EC200D39C6D /* ProfileViewController.swift */,
				96B0C9C7278BD48200902A16 /* ChatViewController.swift */,
			);
			path = Controllers;
			sourceTree = "<group>";
		};
		96C7C99227868CED00D39C6D /* Views */ = {
			isa = PBXGroup;
			children = (
				96C7C99627868D2300D39C6D /* Storyboards */,
				96C7C98627868C4500D39C6D /* Assets.xcassets */,
			);
			path = Views;
			sourceTree = "<group>";
		};
		96C7C99327868CF300D39C6D /* Models */ = {
			isa = PBXGroup;
			children = (
			);
			path = Models;
			sourceTree = "<group>";
		};
		96C7C99427868CF800D39C6D /* ViewModels */ = {
			isa = PBXGroup;
			children = (
			);
			path = ViewModels;
			sourceTree = "<group>";
		};
		96C7C99527868CFF00D39C6D /* Resources */ = {
			isa = PBXGroup;
			children = (
				96C7C97D27868C4200D39C6D /* AppDelegate.swift */,
				96C7C97F27868C4200D39C6D /* SceneDelegate.swift */,
				96C7C9A42786971600D39C6D /* Extensions.swift */,
				961681592787E9C0003BB77E /* DatabaseManager.swift */,
				96B0C9C9278BE22B00902A16 /* StorageManager.swift */,
			);
			path = Resources;
			sourceTree = "<group>";
		};
		96C7C99627868D2300D39C6D /* Storyboards */ = {
			isa = PBXGroup;
			children = (
				96C7C98327868C4200D39C6D /* Main.storyboard */,
				96C7C9A92786C50C00D39C6D /* Launch Screen.storyboard */,
			);
			path = Storyboards;
			sourceTree = "<group>";
		};
		96C7C9A3278690ED00D39C6D /* Login */ = {
			isa = PBXGroup;
			children = (
				96C7C99727868E6300D39C6D /* LoginViewController.swift */,
				96C7C99927868E7200D39C6D /* RegisterViewController.swift */,
			);
			path = Login;
			sourceTree = "<group>";
		};
/* End PBXGroup section */

/* Begin PBXNativeTarget section */
		96C7C97927868C4200D39C6D /* Messenger */ = {
			isa = PBXNativeTarget;
			buildConfigurationList = 96C7C98E27868C4500D39C6D /* Build configuration list for PBXNativeTarget "Messenger" */;
			buildPhases = (
				9C1EDEA97BAA945C4DB90296 /* [CP] Check Pods Manifest.lock */,
				96C7C97627868C4200D39C6D /* Sources */,
				96C7C97727868C4200D39C6D /* Frameworks */,
				96C7C97827868C4200D39C6D /* Resources */,
				7AF27C4561A5EE14D5BDD780 /* [CP] Embed Pods Frameworks */,
				4CD8705992366D27DE7DC3FB /* [CP] Copy Pods Resources */,
			);
			buildRules = (
			);
			dependencies = (
			);
			name = Messenger;
			productName = Messanger;
			productReference = 96C7C97A27868C4200D39C6D /* Messenger.app */;
			productType = "com.apple.product-type.application";
		};
/* End PBXNativeTarget section */

/* Begin PBXProject section */
		96C7C97227868C4200D39C6D /* Project object */ = {
			isa = PBXProject;
			attributes = {
				BuildIndependentTargetsInParallel = 1;
				LastSwiftUpdateCheck = 1300;
				LastUpgradeCheck = 1300;
				TargetAttributes = {
					96C7C97927868C4200D39C6D = {
						CreatedOnToolsVersion = 13.0;
					};
				};
			};
			buildConfigurationList = 96C7C97527868C4200D39C6D /* Build configuration list for PBXProject "Messenger" */;
			compatibilityVersion = "Xcode 13.0";
			developmentRegion = en;
			hasScannedForEncodings = 0;
			knownRegions = (
				en,
				Base,
			);
			mainGroup = 96C7C97127868C4200D39C6D;
			productRefGroup = 96C7C97B27868C4200D39C6D /* Products */;
			projectDirPath = "";
			projectRoot = "";
			targets = (
				96C7C97927868C4200D39C6D /* Messenger */,
			);
		};
/* End PBXProject section */

/* Begin PBXResourcesBuildPhase section */
		96C7C97827868C4200D39C6D /* Resources */ = {
			isa = PBXResourcesBuildPhase;
			buildActionMask = 2147483647;
			files = (
				96C7C9AA2786C50C00D39C6D /* Launch Screen.storyboard in Resources */,
				9616815E2787EF8C003BB77E /* GoogleService-Info.plist in Resources */,
				96C7C98727868C4500D39C6D /* Assets.xcassets in Resources */,
				96C7C98527868C4200D39C6D /* Main.storyboard in Resources */,
			);
			runOnlyForDeploymentPostprocessing = 0;
		};
/* End PBXResourcesBuildPhase section */

/* Begin PBXShellScriptBuildPhase section */
		4CD8705992366D27DE7DC3FB /* [CP] Copy Pods Resources */ = {
			isa = PBXShellScriptBuildPhase;
			buildActionMask = 2147483647;
			files = (
			);
			inputFileListPaths = (
				"${PODS_ROOT}/Target Support Files/Pods-Messenger/Pods-Messenger-resources-${CONFIGURATION}-input-files.xcfilelist",
			);
			name = "[CP] Copy Pods Resources";
			outputFileListPaths = (
				"${PODS_ROOT}/Target Support Files/Pods-Messenger/Pods-Messenger-resources-${CONFIGURATION}-output-files.xcfilelist",
			);
			runOnlyForDeploymentPostprocessing = 0;
			shellPath = /bin/sh;
			shellScript = "\"${PODS_ROOT}/Target Support Files/Pods-Messenger/Pods-Messenger-resources.sh\"\n";
			showEnvVarsInLog = 0;
		};
		7AF27C4561A5EE14D5BDD780 /* [CP] Embed Pods Frameworks */ = {
			isa = PBXShellScriptBuildPhase;
			buildActionMask = 2147483647;
			files = (
			);
			inputFileListPaths = (
				"${PODS_ROOT}/Target Support Files/Pods-Messenger/Pods-Messenger-frameworks-${CONFIGURATION}-input-files.xcfilelist",
			);
			name = "[CP] Embed Pods Frameworks";
			outputFileListPaths = (
				"${PODS_ROOT}/Target Support Files/Pods-Messenger/Pods-Messenger-frameworks-${CONFIGURATION}-output-files.xcfilelist",
			);
			runOnlyForDeploymentPostprocessing = 0;
			shellPath = /bin/sh;
			shellScript = "\"${PODS_ROOT}/Target Support Files/Pods-Messenger/Pods-Messenger-frameworks.sh\"\n";
			showEnvVarsInLog = 0;
		};
		9C1EDEA97BAA945C4DB90296 /* [CP] Check Pods Manifest.lock */ = {
			isa = PBXShellScriptBuildPhase;
			buildActionMask = 2147483647;
			files = (
			);
			inputFileListPaths = (
			);
			inputPaths = (
				"${PODS_PODFILE_DIR_PATH}/Podfile.lock",
				"${PODS_ROOT}/Manifest.lock",
			);
			name = "[CP] Check Pods Manifest.lock";
			outputFileListPaths = (
			);
			outputPaths = (
				"$(DERIVED_FILE_DIR)/Pods-Messenger-checkManifestLockResult.txt",
			);
			runOnlyForDeploymentPostprocessing = 0;
			shellPath = /bin/sh;
			shellScript = "diff \"${PODS_PODFILE_DIR_PATH}/Podfile.lock\" \"${PODS_ROOT}/Manifest.lock\" > /dev/null\nif [ $? != 0 ] ; then\n    # print error to STDERR\n    echo \"error: The sandbox is not in sync with the Podfile.lock. Run 'pod install' or update your CocoaPods installation.\" >&2\n    exit 1\nfi\n# This output is used by Xcode 'outputs' to avoid re-running this script phase.\necho \"SUCCESS\" > \"${SCRIPT_OUTPUT_FILE_0}\"\n";
			showEnvVarsInLog = 0;
		};
/* End PBXShellScriptBuildPhase section */

/* Begin PBXSourcesBuildPhase section */
		96C7C97627868C4200D39C6D /* Sources */ = {
			isa = PBXSourcesBuildPhase;
			buildActionMask = 2147483647;
			files = (
				96C7C99827868E6300D39C6D /* LoginViewController.swift in Sources */,
				9616815A2787E9C0003BB77E /* DatabaseManager.swift in Sources */,
				96C7C99A27868E7200D39C6D /* RegisterViewController.swift in Sources */,
				96C7C9A027868EB800D39C6D /* NewConversationViewController.swift in Sources */,
				96C7C98227868C4200D39C6D /* ConversationsViewController.swift in Sources */,
				96C7C99E27868E9800D39C6D /* VideoPlayerViewController.swift in Sources */,
				96C7C9A52786971600D39C6D /* Extensions.swift in Sources */,
				96C7C97E27868C4200D39C6D /* AppDelegate.swift in Sources */,
				96C7C9A227868EC200D39C6D /* ProfileViewController.swift in Sources */,
				96C7C98027868C4200D39C6D /* SceneDelegate.swift in Sources */,
				96B0C9C8278BD48200902A16 /* ChatViewController.swift in Sources */,
				96C7C99C27868E8E00D39C6D /* PhotoViewerViewController.swift in Sources */,
				96B0C9CA278BE22B00902A16 /* StorageManager.swift in Sources */,
			);
			runOnlyForDeploymentPostprocessing = 0;
		};
/* End PBXSourcesBuildPhase section */

/* Begin PBXVariantGroup section */
		96C7C98327868C4200D39C6D /* Main.storyboard */ = {
			isa = PBXVariantGroup;
			children = (
				96C7C98427868C4200D39C6D /* Base */,
			);
			name = Main.storyboard;
			sourceTree = "<group>";
		};
/* End PBXVariantGroup section */

/* Begin XCBuildConfiguration section */
		96C7C98C27868C4500D39C6D /* Debug */ = {
			isa = XCBuildConfiguration;
			buildSettings = {
				ALWAYS_SEARCH_USER_PATHS = NO;
				CLANG_ANALYZER_NONNULL = YES;
				CLANG_ANALYZER_NUMBER_OBJECT_CONVERSION = YES_AGGRESSIVE;
				CLANG_CXX_LANGUAGE_STANDARD = "gnu++17";
				CLANG_CXX_LIBRARY = "libc++";
				CLANG_ENABLE_MODULES = YES;
				CLANG_ENABLE_OBJC_ARC = YES;
				CLANG_ENABLE_OBJC_WEAK = YES;
				CLANG_WARN_BLOCK_CAPTURE_AUTORELEASING = YES;
				CLANG_WARN_BOOL_CONVERSION = YES;
				CLANG_WARN_COMMA = YES;
				CLANG_WARN_CONSTANT_CONVERSION = YES;
				CLANG_WARN_DEPRECATED_OBJC_IMPLEMENTATIONS = YES;
				CLANG_WARN_DIRECT_OBJC_ISA_USAGE = YES_ERROR;
				CLANG_WARN_DOCUMENTATION_COMMENTS = YES;
				CLANG_WARN_EMPTY_BODY = YES;
				CLANG_WARN_ENUM_CONVERSION = YES;
				CLANG_WARN_INFINITE_RECURSION = YES;
				CLANG_WARN_INT_CONVERSION = YES;
				CLANG_WARN_NON_LITERAL_NULL_CONVERSION = YES;
				CLANG_WARN_OBJC_IMPLICIT_RETAIN_SELF = YES;
				CLANG_WARN_OBJC_LITERAL_CONVERSION = YES;
				CLANG_WARN_OBJC_ROOT_CLASS = YES_ERROR;
				CLANG_WARN_QUOTED_INCLUDE_IN_FRAMEWORK_HEADER = YES;
				CLANG_WARN_RANGE_LOOP_ANALYSIS = YES;
				CLANG_WARN_STRICT_PROTOTYPES = YES;
				CLANG_WARN_SUSPICIOUS_MOVE = YES;
				CLANG_WARN_UNGUARDED_AVAILABILITY = YES_AGGRESSIVE;
				CLANG_WARN_UNREACHABLE_CODE = YES;
				CLANG_WARN__DUPLICATE_METHOD_MATCH = YES;
				COPY_PHASE_STRIP = NO;
				DEBUG_INFORMATION_FORMAT = dwarf;
				ENABLE_STRICT_OBJC_MSGSEND = YES;
				ENABLE_TESTABILITY = YES;
				GCC_C_LANGUAGE_STANDARD = gnu11;
				GCC_DYNAMIC_NO_PIC = NO;
				GCC_NO_COMMON_BLOCKS = YES;
				GCC_OPTIMIZATION_LEVEL = 0;
				GCC_PREPROCESSOR_DEFINITIONS = (
					"DEBUG=1",
					"$(inherited)",
				);
				GCC_WARN_64_TO_32_BIT_CONVERSION = YES;
				GCC_WARN_ABOUT_RETURN_TYPE = YES_ERROR;
				GCC_WARN_UNDECLARED_SELECTOR = YES;
				GCC_WARN_UNINITIALIZED_AUTOS = YES_AGGRESSIVE;
				GCC_WARN_UNUSED_FUNCTION = YES;
				GCC_WARN_UNUSED_VARIABLE = YES;
				IPHONEOS_DEPLOYMENT_TARGET = 15.0;
				MTL_ENABLE_DEBUG_INFO = INCLUDE_SOURCE;
				MTL_FAST_MATH = YES;
				ONLY_ACTIVE_ARCH = YES;
				SDKROOT = iphoneos;
				SWIFT_ACTIVE_COMPILATION_CONDITIONS = DEBUG;
				SWIFT_OPTIMIZATION_LEVEL = "-Onone";
			};
			name = Debug;
		};
		96C7C98D27868C4500D39C6D /* Release */ = {
			isa = XCBuildConfiguration;
			buildSettings = {
				ALWAYS_SEARCH_USER_PATHS = NO;
				CLANG_ANALYZER_NONNULL = YES;
				CLANG_ANALYZER_NUMBER_OBJECT_CONVERSION = YES_AGGRESSIVE;
				CLANG_CXX_LANGUAGE_STANDARD = "gnu++17";
				CLANG_CXX_LIBRARY = "libc++";
				CLANG_ENABLE_MODULES = YES;
				CLANG_ENABLE_OBJC_ARC = YES;
				CLANG_ENABLE_OBJC_WEAK = YES;
				CLANG_WARN_BLOCK_CAPTURE_AUTORELEASING = YES;
				CLANG_WARN_BOOL_CONVERSION = YES;
				CLANG_WARN_COMMA = YES;
				CLANG_WARN_CONSTANT_CONVERSION = YES;
				CLANG_WARN_DEPRECATED_OBJC_IMPLEMENTATIONS = YES;
				CLANG_WARN_DIRECT_OBJC_ISA_USAGE = YES_ERROR;
				CLANG_WARN_DOCUMENTATION_COMMENTS = YES;
				CLANG_WARN_EMPTY_BODY = YES;
				CLANG_WARN_ENUM_CONVERSION = YES;
				CLANG_WARN_INFINITE_RECURSION = YES;
				CLANG_WARN_INT_CONVERSION = YES;
				CLANG_WARN_NON_LITERAL_NULL_CONVERSION = YES;
				CLANG_WARN_OBJC_IMPLICIT_RETAIN_SELF = YES;
				CLANG_WARN_OBJC_LITERAL_CONVERSION = YES;
				CLANG_WARN_OBJC_ROOT_CLASS = YES_ERROR;
				CLANG_WARN_QUOTED_INCLUDE_IN_FRAMEWORK_HEADER = YES;
				CLANG_WARN_RANGE_LOOP_ANALYSIS = YES;
				CLANG_WARN_STRICT_PROTOTYPES = YES;
				CLANG_WARN_SUSPICIOUS_MOVE = YES;
				CLANG_WARN_UNGUARDED_AVAILABILITY = YES_AGGRESSIVE;
				CLANG_WARN_UNREACHABLE_CODE = YES;
				CLANG_WARN__DUPLICATE_METHOD_MATCH = YES;
				COPY_PHASE_STRIP = NO;
				DEBUG_INFORMATION_FORMAT = "dwarf-with-dsym";
				ENABLE_NS_ASSERTIONS = NO;
				ENABLE_STRICT_OBJC_MSGSEND = YES;
				GCC_C_LANGUAGE_STANDARD = gnu11;
				GCC_NO_COMMON_BLOCKS = YES;
				GCC_WARN_64_TO_32_BIT_CONVERSION = YES;
				GCC_WARN_ABOUT_RETURN_TYPE = YES_ERROR;
				GCC_WARN_UNDECLARED_SELECTOR = YES;
				GCC_WARN_UNINITIALIZED_AUTOS = YES_AGGRESSIVE;
				GCC_WARN_UNUSED_FUNCTION = YES;
				GCC_WARN_UNUSED_VARIABLE = YES;
				IPHONEOS_DEPLOYMENT_TARGET = 15.0;
				MTL_ENABLE_DEBUG_INFO = NO;
				MTL_FAST_MATH = YES;
				SDKROOT = iphoneos;
				SWIFT_COMPILATION_MODE = wholemodule;
				SWIFT_OPTIMIZATION_LEVEL = "-O";
				VALIDATE_PRODUCT = YES;
			};
			name = Release;
		};
		96C7C98F27868C4500D39C6D /* Debug */ = {
			isa = XCBuildConfiguration;
			baseConfigurationReference = EE0389E62B18192EB180B187 /* Pods-Messenger.debug.xcconfig */;
			buildSettings = {
				ASSETCATALOG_COMPILER_APPICON_NAME = AppIcon;
				ASSETCATALOG_COMPILER_GLOBAL_ACCENT_COLOR_NAME = AccentColor;
				CODE_SIGN_STYLE = Automatic;
				CURRENT_PROJECT_VERSION = 1;
				DEVELOPMENT_TEAM = 8K4KVU9S56;
				GENERATE_INFOPLIST_FILE = YES;
				INFOPLIST_FILE = Messenger/Info.plist;
				INFOPLIST_KEY_CFBundleDisplayName = Messenger;
				INFOPLIST_KEY_NSCameraUsageDescription = "Please allow access to take a profile picture";
				INFOPLIST_KEY_NSPhotoLibraryAddUsageDescription = "Please allow access to select a photo for your profile";
				INFOPLIST_KEY_UIApplicationSupportsIndirectInputEvents = YES;
				INFOPLIST_KEY_UILaunchStoryboardName = "Launch Screen";
				INFOPLIST_KEY_UIMainStoryboardFile = Main;
				INFOPLIST_KEY_UISupportedInterfaceOrientations = UIInterfaceOrientationPortrait;
				INFOPLIST_KEY_UISupportedInterfaceOrientations_iPad = "UIInterfaceOrientationPortrait UIInterfaceOrientationPortraitUpsideDown";
				INFOPLIST_KEY_UISupportedInterfaceOrientations_iPhone = UIInterfaceOrientationPortrait;
				LD_RUNPATH_SEARCH_PATHS = (
					"$(inherited)",
					"@executable_path/Frameworks",
				);
				MARKETING_VERSION = 1.0;
				PRODUCT_BUNDLE_IDENTIFIER = kpu.ce.Messenger;
				PRODUCT_NAME = "$(TARGET_NAME)";
				SWIFT_EMIT_LOC_STRINGS = YES;
				SWIFT_VERSION = 5.0;
				TARGETED_DEVICE_FAMILY = "1,2";
			};
			name = Debug;
		};
		96C7C99027868C4500D39C6D /* Release */ = {
			isa = XCBuildConfiguration;
			baseConfigurationReference = 9AADFAD3F54FD92C28BA14C3 /* Pods-Messenger.release.xcconfig */;
			buildSettings = {
				ASSETCATALOG_COMPILER_APPICON_NAME = AppIcon;
				ASSETCATALOG_COMPILER_GLOBAL_ACCENT_COLOR_NAME = AccentColor;
				CODE_SIGN_STYLE = Automatic;
				CURRENT_PROJECT_VERSION = 1;
				DEVELOPMENT_TEAM = 8K4KVU9S56;
				GENERATE_INFOPLIST_FILE = YES;
				INFOPLIST_FILE = Messenger/Info.plist;
				INFOPLIST_KEY_CFBundleDisplayName = Messenger;
				INFOPLIST_KEY_NSCameraUsageDescription = "Please allow access to take a profile picture";
				INFOPLIST_KEY_NSPhotoLibraryAddUsageDescription = "Please allow access to select a photo for your profile";
				INFOPLIST_KEY_UIApplicationSupportsIndirectInputEvents = YES;
				INFOPLIST_KEY_UILaunchStoryboardName = "Launch Screen";
				INFOPLIST_KEY_UIMainStoryboardFile = Main;
				INFOPLIST_KEY_UISupportedInterfaceOrientations = UIInterfaceOrientationPortrait;
				INFOPLIST_KEY_UISupportedInterfaceOrientations_iPad = "UIInterfaceOrientationPortrait UIInterfaceOrientationPortraitUpsideDown";
				INFOPLIST_KEY_UISupportedInterfaceOrientations_iPhone = UIInterfaceOrientationPortrait;
				LD_RUNPATH_SEARCH_PATHS = (
					"$(inherited)",
					"@executable_path/Frameworks",
				);
				MARKETING_VERSION = 1.0;
				PRODUCT_BUNDLE_IDENTIFIER = kpu.ce.Messenger;
				PRODUCT_NAME = "$(TARGET_NAME)";
				SWIFT_EMIT_LOC_STRINGS = YES;
				SWIFT_VERSION = 5.0;
				TARGETED_DEVICE_FAMILY = "1,2";
			};
			name = Release;
		};
/* End XCBuildConfiguration section */

/* Begin XCConfigurationList section */
		96C7C97527868C4200D39C6D /* Build configuration list for PBXProject "Messenger" */ = {
			isa = XCConfigurationList;
			buildConfigurations = (
				96C7C98C27868C4500D39C6D /* Debug */,
				96C7C98D27868C4500D39C6D /* Release */,
			);
			defaultConfigurationIsVisible = 0;
			defaultConfigurationName = Release;
		};
		96C7C98E27868C4500D39C6D /* Build configuration list for PBXNativeTarget "Messenger" */ = {
			isa = XCConfigurationList;
			buildConfigurations = (
				96C7C98F27868C4500D39C6D /* Debug */,
				96C7C99027868C4500D39C6D /* Release */,
			);
			defaultConfigurationIsVisible = 0;
			defaultConfigurationName = Release;
		};
/* End XCConfigurationList section */
	};
	rootObject = 96C7C97227868C4200D39C6D /* Project object */;
}
